
Microsoft Visual Studio Solution File, Format Version 12.00
# Visual Studio Version 17
VisualStudioVersion = 17.13.35919.96
MinimumVisualStudioVersion = 10.0.40219.1
Project("{FAE04EC0-301F-11D3-BF4B-00C04F79EFBC}") = "Obscura-Live", "Obscura-Live\Obscura-Live.csproj", "{C6A28407-F913-4FF7-B418-290651749036}"
EndProject
Project("{FAE04EC0-301F-11D3-BF4B-00C04F79EFBC}") = "Obscura-Live.Client", "Obscura-Live.Client\Obscura-Live.Client.csproj", "{AC8195FC-51FF-4855-AFC4-157079EAB1C6}"
EndProject
Project("{2150E333-8FDC-42A3-9474-1A3956D46DE8}") = "repoAssets", "repoAssets", "{02EA681E-C7D8-13C7-8484-4AC65E1B71E8}"
	ProjectSection(SolutionItems) = preProject
		Z:\Downloads\obscura_b.png = Z:\Downloads\obscura_b.png
		Z:\Downloads\thumbnail_obscura_YT.jpg = Z:\Downloads\thumbnail_obscura_YT.jpg
	EndProjectSection
EndProject
Global
	GlobalSection(SolutionConfigurationPlatforms) = preSolution
		Debug|Any CPU = Debug|Any CPU
		Release|Any CPU = Release|Any CPU
	EndGlobalSection
	GlobalSection(ProjectConfigurationPlatforms) = postSolution
		{C6A28407-F913-4FF7-B418-290651749036}.Debug|Any CPU.ActiveCfg = Debug|Any CPU
		{C6A28407-F913-4FF7-B418-290651749036}.Debug|Any CPU.Build.0 = Debug|Any CPU
		{C6A28407-F913-4FF7-B418-290651749036}.Release|Any CPU.ActiveCfg = Release|Any CPU
		{C6A28407-F913-4FF7-B418-290651749036}.Release|Any CPU.Build.0 = Release|Any CPU
		{AC8195FC-51FF-4855-AFC4-157079EAB1C6}.Debug|Any CPU.ActiveCfg = Debug|Any CPU
		{AC8195FC-51FF-4855-AFC4-157079EAB1C6}.Debug|Any CPU.Build.0 = Debug|Any CPU
		{AC8195FC-51FF-4855-AFC4-157079EAB1C6}.Release|Any CPU.ActiveCfg = Release|Any CPU
		{AC8195FC-51FF-4855-AFC4-157079EAB1C6}.Release|Any CPU.Build.0 = Release|Any CPU
	EndGlobalSection
	GlobalSection(SolutionProperties) = preSolution
		HideSolutionNode = FALSE
	EndGlobalSection
	GlobalSection(ExtensibilityGlobals) = postSolution
		SolutionGuid = {C7DEEB68-BE57-447D-9620-457E8D29638C}
	EndGlobalSection
EndGlobal
